
Microsoft Visual Studio Solution File, Format Version 12.00
# Visual Studio Version 16
VisualStudioVersion = 16.0.30711.63
MinimumVisualStudioVersion = 10.0.40219.1
Project("{FAE04EC0-301F-11D3-BF4B-00C04F79EFBC}") = "Kutse_app1", "Kutse_app1\Kutse_app1.csproj", "{B895297D-60D4-4609-9B4F-D38A6982666E}"
EndProject
Global
	GlobalSection(SolutionConfigurationPlatforms) = preSolution
		Debug|Any CPU = Debug|Any CPU
		Release|Any CPU = Release|Any CPU
	EndGlobalSection
	GlobalSection(ProjectConfigurationPlatforms) = postSolution
		{B895297D-60D4-4609-9B4F-D38A6982666E}.Debug|Any CPU.ActiveCfg = Debug|Any CPU
		{B895297D-60D4-4609-9B4F-D38A6982666E}.Debug|Any CPU.Build.0 = Debug|Any CPU
		{B895297D-60D4-4609-9B4F-D38A6982666E}.Release|Any CPU.ActiveCfg = Release|Any CPU
		{B895297D-60D4-4609-9B4F-D38A6982666E}.Release|Any CPU.Build.0 = Release|Any CPU
	EndGlobalSection
	GlobalSection(SolutionProperties) = preSolution
		HideSolutionNode = FALSE
	EndGlobalSection
	GlobalSection(ExtensibilityGlobals) = postSolution
		SolutionGuid = {F3F1C5B9-8744-4A4A-8403-D85719F46613}
	EndGlobalSection
EndGlobal
